
Microsoft Visual Studio Solution File, Format Version 12.00
# Visual Studio Version 17
VisualStudioVersion = 17.1.32228.430
MinimumVisualStudioVersion = 10.0.40219.1
Project("{9A19103F-16F7-4668-BE54-9A1E7A4F7556}") = "ProductAPI", "ProductAPI\ProductAPI.csproj", "{7CACD70E-1043-4067-802F-18A068A8D5D5}"
EndProject
Project("{9A19103F-16F7-4668-BE54-9A1E7A4F7556}") = "Products.Data", "Product.Data\Products.Data.csproj", "{0511D6D1-204F-45BA-A8AC-BAEB829361D8}"
EndProject
Project("{9A19103F-16F7-4668-BE54-9A1E7A4F7556}") = "ProductAPI.UnitTest", "ProductAPI.UnitTest\ProductAPI.UnitTest.csproj", "{943E56DB-D28B-466D-9FCF-F7A00D63DB71}"
EndProject
Project("{9A19103F-16F7-4668-BE54-9A1E7A4F7556}") = "ProductAPI.IntegrationTest", "ProductAPI.IntegrationTest\ProductAPI.IntegrationTest.csproj", "{1F153AFA-CB63-40D2-8F86-B1079B96CE89}"
EndProject
Project("{FAE04EC0-301F-11D3-BF4B-00C04F79EFBC}") = "NotifierFunction", "NotifierFunction\NotifierFunction.csproj", "{BAB11262-47AA-4CB3-9205-9A6445297F13}"
EndProject
Global
	GlobalSection(SolutionConfigurationPlatforms) = preSolution
		Debug|Any CPU = Debug|Any CPU
		Release|Any CPU = Release|Any CPU
	EndGlobalSection
	GlobalSection(ProjectConfigurationPlatforms) = postSolution
		{7CACD70E-1043-4067-802F-18A068A8D5D5}.Debug|Any CPU.ActiveCfg = Debug|Any CPU
		{7CACD70E-1043-4067-802F-18A068A8D5D5}.Debug|Any CPU.Build.0 = Debug|Any CPU
		{7CACD70E-1043-4067-802F-18A068A8D5D5}.Release|Any CPU.ActiveCfg = Release|Any CPU
		{7CACD70E-1043-4067-802F-18A068A8D5D5}.Release|Any CPU.Build.0 = Release|Any CPU
		{0511D6D1-204F-45BA-A8AC-BAEB829361D8}.Debug|Any CPU.ActiveCfg = Debug|Any CPU
		{0511D6D1-204F-45BA-A8AC-BAEB829361D8}.Debug|Any CPU.Build.0 = Debug|Any CPU
		{0511D6D1-204F-45BA-A8AC-BAEB829361D8}.Release|Any CPU.ActiveCfg = Release|Any CPU
		{0511D6D1-204F-45BA-A8AC-BAEB829361D8}.Release|Any CPU.Build.0 = Release|Any CPU
		{943E56DB-D28B-466D-9FCF-F7A00D63DB71}.Debug|Any CPU.ActiveCfg = Debug|Any CPU
		{943E56DB-D28B-466D-9FCF-F7A00D63DB71}.Debug|Any CPU.Build.0 = Debug|Any CPU
		{943E56DB-D28B-466D-9FCF-F7A00D63DB71}.Release|Any CPU.ActiveCfg = Release|Any CPU
		{943E56DB-D28B-466D-9FCF-F7A00D63DB71}.Release|Any CPU.Build.0 = Release|Any CPU
		{1F153AFA-CB63-40D2-8F86-B1079B96CE89}.Debug|Any CPU.ActiveCfg = Debug|Any CPU
		{1F153AFA-CB63-40D2-8F86-B1079B96CE89}.Debug|Any CPU.Build.0 = Debug|Any CPU
		{1F153AFA-CB63-40D2-8F86-B1079B96CE89}.Release|Any CPU.ActiveCfg = Release|Any CPU
		{1F153AFA-CB63-40D2-8F86-B1079B96CE89}.Release|Any CPU.Build.0 = Release|Any CPU
		{BAB11262-47AA-4CB3-9205-9A6445297F13}.Debug|Any CPU.ActiveCfg = Debug|Any CPU
		{BAB11262-47AA-4CB3-9205-9A6445297F13}.Debug|Any CPU.Build.0 = Debug|Any CPU
		{BAB11262-47AA-4CB3-9205-9A6445297F13}.Release|Any CPU.ActiveCfg = Release|Any CPU
		{BAB11262-47AA-4CB3-9205-9A6445297F13}.Release|Any CPU.Build.0 = Release|Any CPU
	EndGlobalSection
	GlobalSection(SolutionProperties) = preSolution
		HideSolutionNode = FALSE
	EndGlobalSection
	GlobalSection(ExtensibilityGlobals) = postSolution
		SolutionGuid = {AE179ADB-4278-4CBC-B837-22BEAC999658}
	EndGlobalSection
EndGlobal
